
Microsoft Visual Studio Solution File, Format Version 12.00
# Visual Studio Version 17
VisualStudioVersion = 17.2.32519.379
MinimumVisualStudioVersion = 10.0.40219.1
Project("{FAE04EC0-301F-11D3-BF4B-00C04F79EFBC}") = "pryValdezIE", "pryValdezIE.csproj", "{8E00AE2A-936A-40E3-9E79-F00D7250C759}"
EndProject
Global
	GlobalSection(SolutionConfigurationPlatforms) = preSolution
		Debug|Any CPU = Debug|Any CPU
		Release|Any CPU = Release|Any CPU
	EndGlobalSection
	GlobalSection(ProjectConfigurationPlatforms) = postSolution
		{8E00AE2A-936A-40E3-9E79-F00D7250C759}.Debug|Any CPU.ActiveCfg = Debug|Any CPU
		{8E00AE2A-936A-40E3-9E79-F00D7250C759}.Debug|Any CPU.Build.0 = Debug|Any CPU
		{8E00AE2A-936A-40E3-9E79-F00D7250C759}.Release|Any CPU.ActiveCfg = Release|Any CPU
		{8E00AE2A-936A-40E3-9E79-F00D7250C759}.Release|Any CPU.Build.0 = Release|Any CPU
	EndGlobalSection
	GlobalSection(SolutionProperties) = preSolution
		HideSolutionNode = FALSE
	EndGlobalSection
	GlobalSection(ExtensibilityGlobals) = postSolution
		SolutionGuid = {AD0B7C52-F024-4BC8-A546-FA91AA65A50F}
	EndGlobalSection
EndGlobal
